
Microsoft Visual Studio Solution File, Format Version 12.00
# Visual Studio 2013
VisualStudioVersion = 12.0.21005.1
MinimumVisualStudioVersion = 10.0.40219.1
Project("{FAE04EC0-301F-11D3-BF4B-00C04F79EFBC}") = "SpreadSheetTools.Transformer", "SpreadSheetTools.Transformer\SpreadSheetTools.Transformer.csproj", "{C6DC9E32-05F1-416E-A8BF-A0873EF701BF}"
EndProject
Project("{FAE04EC0-301F-11D3-BF4B-00C04F79EFBC}") = "SpreadSheetTools.Transformer.Tests", "SpreadSheetTools.Transformer.Tests\SpreadSheetTools.Transformer.Tests.csproj", "{BEA2777E-0B29-4BC3-B563-2F2234119668}"
EndProject
Global
	GlobalSection(SolutionConfigurationPlatforms) = preSolution
		Debug|Any CPU = Debug|Any CPU
		Release|Any CPU = Release|Any CPU
	EndGlobalSection
	GlobalSection(ProjectConfigurationPlatforms) = postSolution
		{C6DC9E32-05F1-416E-A8BF-A0873EF701BF}.Debug|Any CPU.ActiveCfg = Debug|Any CPU
		{C6DC9E32-05F1-416E-A8BF-A0873EF701BF}.Debug|Any CPU.Build.0 = Debug|Any CPU
		{C6DC9E32-05F1-416E-A8BF-A0873EF701BF}.Release|Any CPU.ActiveCfg = Release|Any CPU
		{C6DC9E32-05F1-416E-A8BF-A0873EF701BF}.Release|Any CPU.Build.0 = Release|Any CPU
		{BEA2777E-0B29-4BC3-B563-2F2234119668}.Debug|Any CPU.ActiveCfg = Debug|Any CPU
		{BEA2777E-0B29-4BC3-B563-2F2234119668}.Debug|Any CPU.Build.0 = Debug|Any CPU
		{BEA2777E-0B29-4BC3-B563-2F2234119668}.Release|Any CPU.ActiveCfg = Release|Any CPU
		{BEA2777E-0B29-4BC3-B563-2F2234119668}.Release|Any CPU.Build.0 = Release|Any CPU
	EndGlobalSection
	GlobalSection(SolutionProperties) = preSolution
		HideSolutionNode = FALSE
	EndGlobalSection
EndGlobal
